// !$*UTF8*$!
{
	archiveVersion = 1;
	classes = {
	};
	objectVersion = 50;
	objects = {

/* Begin PBXBuildFile section */
		74DE07EE23DC29E5001EDB5D /* AppDelegate.swift in Sources */ = {isa = PBXBuildFile; fileRef = 74DE07ED23DC29E5001EDB5D /* AppDelegate.swift */; };
		74DE07F023DC29E5001EDB5D /* SceneDelegate.swift in Sources */ = {isa = PBXBuildFile; fileRef = 74DE07EF23DC29E5001EDB5D /* SceneDelegate.swift */; };
		74DE07F223DC29E5001EDB5D /* ViewController.swift in Sources */ = {isa = PBXBuildFile; fileRef = 74DE07F123DC29E5001EDB5D /* ViewController.swift */; };
		74DE07F523DC29E5001EDB5D /* Main.storyboard in Resources */ = {isa = PBXBuildFile; fileRef = 74DE07F323DC29E5001EDB5D /* Main.storyboard */; };
		74DE07F823DC29E5001EDB5D /* CalculDaka.xcdatamodeld in Sources */ = {isa = PBXBuildFile; fileRef = 74DE07F623DC29E5001EDB5D /* CalculDaka.xcdatamodeld */; };
		74DE07FA23DC29E6001EDB5D /* Assets.xcassets in Resources */ = {isa = PBXBuildFile; fileRef = 74DE07F923DC29E6001EDB5D /* Assets.xcassets */; };
		74DE07FD23DC29E6001EDB5D /* LaunchScreen.storyboard in Resources */ = {isa = PBXBuildFile; fileRef = 74DE07FB23DC29E6001EDB5D /* LaunchScreen.storyboard */; };
		74DE080723DC68AD001EDB5D /* Calculator.swift in Sources */ = {isa = PBXBuildFile; fileRef = 74DE080623DC68AD001EDB5D /* Calculator.swift */; };
/* End PBXBuildFile section */

/* Begin PBXFileReference section */
		74DE07EA23DC29E5001EDB5D /* CalculDaka.app */ = {isa = PBXFileReference; explicitFileType = wrapper.application; includeInIndex = 0; path = CalculDaka.app; sourceTree = BUILT_PRODUCTS_DIR; };
		74DE07ED23DC29E5001EDB5D /* AppDelegate.swift */ = {isa = PBXFileReference; lastKnownFileType = sourcecode.swift; path = AppDelegate.swift; sourceTree = "<group>"; };
		74DE07EF23DC29E5001EDB5D /* SceneDelegate.swift */ = {isa = PBXFileReference; lastKnownFileType = sourcecode.swift; path = SceneDelegate.swift; sourceTree = "<group>"; };
		74DE07F123DC29E5001EDB5D /* ViewController.swift */ = {isa = PBXFileReference; lastKnownFileType = sourcecode.swift; path = ViewController.swift; sourceTree = "<group>"; };
		74DE07F423DC29E5001EDB5D /* Base */ = {isa = PBXFileReference; lastKnownFileType = file.storyboard; name = Base; path = Base.lproj/Main.storyboard; sourceTree = "<group>"; };
		74DE07F723DC29E5001EDB5D /* CalculDaka.xcdatamodel */ = {isa = PBXFileReference; lastKnownFileType = wrapper.xcdatamodel; path = CalculDaka.xcdatamodel; sourceTree = "<group>"; };
		74DE07F923DC29E6001EDB5D /* Assets.xcassets */ = {isa = PBXFileReference; lastKnownFileType = folder.assetcatalog; path = Assets.xcassets; sourceTree = "<group>"; };
		74DE07FC23DC29E6001EDB5D /* Base */ = {isa = PBXFileReference; lastKnownFileType = file.storyboard; name = Base; path = Base.lproj/LaunchScreen.storyboard; sourceTree = "<group>"; };
		74DE07FE23DC29E6001EDB5D /* Info.plist */ = {isa = PBXFileReference; lastKnownFileType = text.plist.xml; path = Info.plist; sourceTree = "<group>"; };
		74DE080623DC68AD001EDB5D /* Calculator.swift */ = {isa = PBXFileReference; lastKnownFileType = sourcecode.swift; path = Calculator.swift; sourceTree = "<group>"; };
/* End PBXFileReference section */

/* Begin PBXFrameworksBuildPhase section */
		74DE07E723DC29E5001EDB5D /* Frameworks */ = {
			isa = PBXFrameworksBuildPhase;
			buildActionMask = 2147483647;
			files = (
			);
			runOnlyForDeploymentPostprocessing = 0;
		};
/* End PBXFrameworksBuildPhase section */

/* Begin PBXGroup section */
		74DE07E123DC29E5001EDB5D = {
			isa = PBXGroup;
			children = (
				74DE07EC23DC29E5001EDB5D /* CalculDaka */,
				74DE07EB23DC29E5001EDB5D /* Products */,
			);
			sourceTree = "<group>";
		};
		74DE07EB23DC29E5001EDB5D /* Products */ = {
			isa = PBXGroup;
			children = (
				74DE07EA23DC29E5001EDB5D /* CalculDaka.app */,
			);
			name = Products;
			sourceTree = "<group>";
		};
		74DE07EC23DC29E5001EDB5D /* CalculDaka */ = {
			isa = PBXGroup;
			children = (
				74DE080823DC74E1001EDB5D /* CalculatorMVC */,
				74DE07ED23DC29E5001EDB5D /* AppDelegate.swift */,
				74DE080623DC68AD001EDB5D /* Calculator.swift */,
				74DE07EF23DC29E5001EDB5D /* SceneDelegate.swift */,
				74DE07F123DC29E5001EDB5D /* ViewController.swift */,
				74DE07F323DC29E5001EDB5D /* Main.storyboard */,
				74DE07F923DC29E6001EDB5D /* Assets.xcassets */,
				74DE07FB23DC29E6001EDB5D /* LaunchScreen.storyboard */,
				74DE07FE23DC29E6001EDB5D /* Info.plist */,
				74DE07F623DC29E5001EDB5D /* CalculDaka.xcdatamodeld */,
			);
			path = CalculDaka;
			sourceTree = "<group>";
		};
		74DE080823DC74E1001EDB5D /* CalculatorMVC */ = {
			isa = PBXGroup;
			children = (
			);
			path = CalculatorMVC;
			sourceTree = "<group>";
		};
/* End PBXGroup section */

/* Begin PBXNativeTarget section */
		74DE07E923DC29E5001EDB5D /* CalculDaka */ = {
			isa = PBXNativeTarget;
			buildConfigurationList = 74DE080123DC29E6001EDB5D /* Build configuration list for PBXNativeTarget "CalculDaka" */;
			buildPhases = (
				74DE07E623DC29E5001EDB5D /* Sources */,
				74DE07E723DC29E5001EDB5D /* Frameworks */,
				74DE07E823DC29E5001EDB5D /* Resources */,
			);
			buildRules = (
			);
			dependencies = (
			);
			name = CalculDaka;
			productName = CalculDaka;
			productReference = 74DE07EA23DC29E5001EDB5D /* CalculDaka.app */;
			productType = "com.apple.product-type.application";
		};
/* End PBXNativeTarget section */

/* Begin PBXProject section */
		74DE07E223DC29E5001EDB5D /* Project object */ = {
			isa = PBXProject;
			attributes = {
				LastSwiftUpdateCheck = 1130;
				LastUpgradeCheck = 1130;
				ORGANIZATIONNAME = "Dauzhan Tokpakbayev";
				TargetAttributes = {
					74DE07E923DC29E5001EDB5D = {
						CreatedOnToolsVersion = 11.3.1;
					};
				};
			};
			buildConfigurationList = 74DE07E523DC29E5001EDB5D /* Build configuration list for PBXProject "CalculDaka" */;
			compatibilityVersion = "Xcode 9.3";
			developmentRegion = en;
			hasScannedForEncodings = 0;
			knownRegions = (
				en,
				Base,
			);
			mainGroup = 74DE07E123DC29E5001EDB5D;
			productRefGroup = 74DE07EB23DC29E5001EDB5D /* Products */;
			projectDirPath = "";
			projectRoot = "";
			targets = (
				74DE07E923DC29E5001EDB5D /* CalculDaka */,
			);
		};
/* End PBXProject section */

/* Begin PBXResourcesBuildPhase section */
		74DE07E823DC29E5001EDB5D /* Resources */ = {
			isa = PBXResourcesBuildPhase;
			buildActionMask = 2147483647;
			files = (
				74DE07FD23DC29E6001EDB5D /* LaunchScreen.storyboard in Resources */,
				74DE07FA23DC29E6001EDB5D /* Assets.xcassets in Resources */,
				74DE07F523DC29E5001EDB5D /* Main.storyboard in Resources */,
			);
			runOnlyForDeploymentPostprocessing = 0;
		};
/* End PBXResourcesBuildPhase section */

/* Begin PBXSourcesBuildPhase section */
		74DE07E623DC29E5001EDB5D /* Sources */ = {
			isa = PBXSourcesBuildPhase;
			buildActionMask = 2147483647;
			files = (
				74DE07F823DC29E5001EDB5D /* CalculDaka.xcdatamodeld in Sources */,
				74DE07F223DC29E5001EDB5D /* ViewController.swift in Sources */,
				74DE07EE23DC29E5001EDB5D /* AppDelegate.swift in Sources */,
				74DE080723DC68AD001EDB5D /* Calculator.swift in Sources */,
				74DE07F023DC29E5001EDB5D /* SceneDelegate.swift in Sources */,
			);
			runOnlyForDeploymentPostprocessing = 0;
		};
/* End PBXSourcesBuildPhase section */

/* Begin PBXVariantGroup section */
		74DE07F323DC29E5001EDB5D /* Main.storyboard */ = {
			isa = PBXVariantGroup;
			children = (
				74DE07F423DC29E5001EDB5D /* Base */,
			);
			name = Main.storyboard;
			sourceTree = "<group>";
		};
		74DE07FB23DC29E6001EDB5D /* LaunchScreen.storyboard */ = {
			isa = PBXVariantGroup;
			children = (
				74DE07FC23DC29E6001EDB5D /* Base */,
			);
			name = LaunchScreen.storyboard;
			sourceTree = "<group>";
		};
/* End PBXVariantGroup section */

/* Begin XCBuildConfiguration section */
		74DE07FF23DC29E6001EDB5D /* Debug */ = {
			isa = XCBuildConfiguration;
			buildSettings = {
				ALWAYS_SEARCH_USER_PATHS = NO;
				CLANG_ANALYZER_NONNULL = YES;
				CLANG_ANALYZER_NUMBER_OBJECT_CONVERSION = YES_AGGRESSIVE;
				CLANG_CXX_LANGUAGE_STANDARD = "gnu++14";
				CLANG_CXX_LIBRARY = "libc++";
				CLANG_ENABLE_MODULES = YES;
				CLANG_ENABLE_OBJC_ARC = YES;
				CLANG_ENABLE_OBJC_WEAK = YES;
				CLANG_WARN_BLOCK_CAPTURE_AUTORELEASING = YES;
				CLANG_WARN_BOOL_CONVERSION = YES;
				CLANG_WARN_COMMA = YES;
				CLANG_WARN_CONSTANT_CONVERSION = YES;
				CLANG_WARN_DEPRECATED_OBJC_IMPLEMENTATIONS = YES;
				CLANG_WARN_DIRECT_OBJC_ISA_USAGE = YES_ERROR;
				CLANG_WARN_DOCUMENTATION_COMMENTS = YES;
				CLANG_WARN_EMPTY_BODY = YES;
				CLANG_WARN_ENUM_CONVERSION = YES;
				CLANG_WARN_INFINITE_RECURSION = YES;
				CLANG_WARN_INT_CONVERSION = YES;
				CLANG_WARN_NON_LITERAL_NULL_CONVERSION = YES;
				CLANG_WARN_OBJC_IMPLICIT_RETAIN_SELF = YES;
				CLANG_WARN_OBJC_LITERAL_CONVERSION = YES;
				CLANG_WARN_OBJC_ROOT_CLASS = YES_ERROR;
				CLANG_WARN_RANGE_LOOP_ANALYSIS = YES;
				CLANG_WARN_STRICT_PROTOTYPES = YES;
				CLANG_WARN_SUSPICIOUS_MOVE = YES;
				CLANG_WARN_UNGUARDED_AVAILABILITY = YES_AGGRESSIVE;
				CLANG_WARN_UNREACHABLE_CODE = YES;
				CLANG_WARN__DUPLICATE_METHOD_MATCH = YES;
				COPY_PHASE_STRIP = NO;
				DEBUG_INFORMATION_FORMAT = dwarf;
				ENABLE_STRICT_OBJC_MSGSEND = YES;
				ENABLE_TESTABILITY = YES;
				GCC_C_LANGUAGE_STANDARD = gnu11;
				GCC_DYNAMIC_NO_PIC = NO;
				GCC_NO_COMMON_BLOCKS = YES;
				GCC_OPTIMIZATION_LEVEL = 0;
				GCC_PREPROCESSOR_DEFINITIONS = (
					"DEBUG=1",
					"$(inherited)",
				);
				GCC_WARN_64_TO_32_BIT_CONVERSION = YES;
				GCC_WARN_ABOUT_RETURN_TYPE = YES_ERROR;
				GCC_WARN_UNDECLARED_SELECTOR = YES;
				GCC_WARN_UNINITIALIZED_AUTOS = YES_AGGRESSIVE;
				GCC_WARN_UNUSED_FUNCTION = YES;
				GCC_WARN_UNUSED_VARIABLE = YES;
				IPHONEOS_DEPLOYMENT_TARGET = 13.2;
				MTL_ENABLE_DEBUG_INFO = INCLUDE_SOURCE;
				MTL_FAST_MATH = YES;
				ONLY_ACTIVE_ARCH = YES;
				SDKROOT = iphoneos;
				SWIFT_ACTIVE_COMPILATION_CONDITIONS = DEBUG;
				SWIFT_OPTIMIZATION_LEVEL = "-Onone";
			};
			name = Debug;
		};
		74DE080023DC29E6001EDB5D /* Release */ = {
			isa = XCBuildConfiguration;
			buildSettings = {
				ALWAYS_SEARCH_USER_PATHS = NO;
				CLANG_ANALYZER_NONNULL = YES;
				CLANG_ANALYZER_NUMBER_OBJECT_CONVERSION = YES_AGGRESSIVE;
				CLANG_CXX_LANGUAGE_STANDARD = "gnu++14";
				CLANG_CXX_LIBRARY = "libc++";
				CLANG_ENABLE_MODULES = YES;
				CLANG_ENABLE_OBJC_ARC = YES;
				CLANG_ENABLE_OBJC_WEAK = YES;
				CLANG_WARN_BLOCK_CAPTURE_AUTORELEASING = YES;
				CLANG_WARN_BOOL_CONVERSION = YES;
				CLANG_WARN_COMMA = YES;
				CLANG_WARN_CONSTANT_CONVERSION = YES;
				CLANG_WARN_DEPRECATED_OBJC_IMPLEMENTATIONS = YES;
				CLANG_WARN_DIRECT_OBJC_ISA_USAGE = YES_ERROR;
				CLANG_WARN_DOCUMENTATION_COMMENTS = YES;
				CLANG_WARN_EMPTY_BODY = YES;
				CLANG_WARN_ENUM_CONVERSION = YES;
				CLANG_WARN_INFINITE_RECURSION = YES;
				CLANG_WARN_INT_CONVERSION = YES;
				CLANG_WARN_NON_LITERAL_NULL_CONVERSION = YES;
				CLANG_WARN_OBJC_IMPLICIT_RETAIN_SELF = YES;
				CLANG_WARN_OBJC_LITERAL_CONVERSION = YES;
				CLANG_WARN_OBJC_ROOT_CLASS = YES_ERROR;
				CLANG_WARN_RANGE_LOOP_ANALYSIS = YES;
				CLANG_WARN_STRICT_PROTOTYPES = YES;
				CLANG_WARN_SUSPICIOUS_MOVE = YES;
				CLANG_WARN_UNGUARDED_AVAILABILITY = YES_AGGRESSIVE;
				CLANG_WARN_UNREACHABLE_CODE = YES;
				CLANG_WARN__DUPLICATE_METHOD_MATCH = YES;
				COPY_PHASE_STRIP = NO;
				DEBUG_INFORMATION_FORMAT = "dwarf-with-dsym";
				ENABLE_NS_ASSERTIONS = NO;
				ENABLE_STRICT_OBJC_MSGSEND = YES;
				GCC_C_LANGUAGE_STANDARD = gnu11;
				GCC_NO_COMMON_BLOCKS = YES;
				GCC_WARN_64_TO_32_BIT_CONVERSION = YES;
				GCC_WARN_ABOUT_RETURN_TYPE = YES_ERROR;
				GCC_WARN_UNDECLARED_SELECTOR = YES;
				GCC_WARN_UNINITIALIZED_AUTOS = YES_AGGRESSIVE;
				GCC_WARN_UNUSED_FUNCTION = YES;
				GCC_WARN_UNUSED_VARIABLE = YES;
				IPHONEOS_DEPLOYMENT_TARGET = 13.2;
				MTL_ENABLE_DEBUG_INFO = NO;
				MTL_FAST_MATH = YES;
				SDKROOT = iphoneos;
				SWIFT_COMPILATION_MODE = wholemodule;
				SWIFT_OPTIMIZATION_LEVEL = "-O";
				VALIDATE_PRODUCT = YES;
			};
			name = Release;
		};
		74DE080223DC29E6001EDB5D /* Debug */ = {
			isa = XCBuildConfiguration;
			buildSettings = {
				ASSETCATALOG_COMPILER_APPICON_NAME = AppIcon;
				CODE_SIGN_STYLE = Automatic;
				INFOPLIST_FILE = CalculDaka/Info.plist;
				LD_RUNPATH_SEARCH_PATHS = (
					"$(inherited)",
					"@executable_path/Frameworks",
				);
				PRODUCT_BUNDLE_IDENTIFIER = daka.CalculDaka;
				PRODUCT_NAME = "$(TARGET_NAME)";
				SWIFT_VERSION = 5.0;
				TARGETED_DEVICE_FAMILY = "1,2";
			};
			name = Debug;
		};
		74DE080323DC29E6001EDB5D /* Release */ = {
			isa = XCBuildConfiguration;
			buildSettings = {
				ASSETCATALOG_COMPILER_APPICON_NAME = AppIcon;
				CODE_SIGN_STYLE = Automatic;
				INFOPLIST_FILE = CalculDaka/Info.plist;
				LD_RUNPATH_SEARCH_PATHS = (
					"$(inherited)",
					"@executable_path/Frameworks",
				);
				PRODUCT_BUNDLE_IDENTIFIER = daka.CalculDaka;
				PRODUCT_NAME = "$(TARGET_NAME)";
				SWIFT_VERSION = 5.0;
				TARGETED_DEVICE_FAMILY = "1,2";
			};
			name = Release;
		};
/* End XCBuildConfiguration section */

/* Begin XCConfigurationList section */
		74DE07E523DC29E5001EDB5D /* Build configuration list for PBXProject "CalculDaka" */ = {
			isa = XCConfigurationList;
			buildConfigurations = (
				74DE07FF23DC29E6001EDB5D /* Debug */,
				74DE080023DC29E6001EDB5D /* Release */,
			);
			defaultConfigurationIsVisible = 0;
			defaultConfigurationName = Release;
		};
		74DE080123DC29E6001EDB5D /* Build configuration list for PBXNativeTarget "CalculDaka" */ = {
			isa = XCConfigurationList;
			buildConfigurations = (
				74DE080223DC29E6001EDB5D /* Debug */,
				74DE080323DC29E6001EDB5D /* Release */,
			);
			defaultConfigurationIsVisible = 0;
			defaultConfigurationName = Release;
		};
/* End XCConfigurationList section */

/* Begin XCVersionGroup section */
		74DE07F623DC29E5001EDB5D /* CalculDaka.xcdatamodeld */ = {
			isa = XCVersionGroup;
			children = (
				74DE07F723DC29E5001EDB5D /* CalculDaka.xcdatamodel */,
			);
			currentVersion = 74DE07F723DC29E5001EDB5D /* CalculDaka.xcdatamodel */;
			path = CalculDaka.xcdatamodeld;
			sourceTree = "<group>";
			versionGroupType = wrapper.xcdatamodel;
		};
/* End XCVersionGroup section */
	};
	rootObject = 74DE07E223DC29E5001EDB5D /* Project object */;
}
